
Microsoft Visual Studio Solution File, Format Version 12.00
# Visual Studio Version 17
VisualStudioVersion = 17.8.34316.72
MinimumVisualStudioVersion = 10.0.40219.1
Project("{9A19103F-16F7-4668-BE54-9A1E7A4F7556}") = "BudgetApp", "BudgetApp.csproj", "{8E233C56-EA1E-499A-B304-6E2BDBE5D375}"
EndProject
Global
	GlobalSection(SolutionConfigurationPlatforms) = preSolution
		Debug|Any CPU = Debug|Any CPU
		Release|Any CPU = Release|Any CPU
	EndGlobalSection
	GlobalSection(ProjectConfigurationPlatforms) = postSolution
		{8E233C56-EA1E-499A-B304-6E2BDBE5D375}.Debug|Any CPU.ActiveCfg = Debug|Any CPU
		{8E233C56-EA1E-499A-B304-6E2BDBE5D375}.Debug|Any CPU.Build.0 = Debug|Any CPU
		{8E233C56-EA1E-499A-B304-6E2BDBE5D375}.Release|Any CPU.ActiveCfg = Release|Any CPU
		{8E233C56-EA1E-499A-B304-6E2BDBE5D375}.Release|Any CPU.Build.0 = Release|Any CPU
	EndGlobalSection
	GlobalSection(SolutionProperties) = preSolution
		HideSolutionNode = FALSE
	EndGlobalSection
	GlobalSection(ExtensibilityGlobals) = postSolution
		SolutionGuid = {568715FC-660F-497C-A572-F1890A50C9F8}
	EndGlobalSection
EndGlobal
